
Microsoft Visual Studio Solution File, Format Version 12.00
# Visual Studio Version 17
VisualStudioVersion = 17.6.33829.357
MinimumVisualStudioVersion = 10.0.40219.1
Project("{9A19103F-16F7-4668-BE54-9A1E7A4F7556}") = "avaloniaNavigationBar", "avaloniaNavigationBar\avaloniaNavigationBar.csproj", "{8BFF211D-2802-4747-8C41-BFB2FFA5C257}"
EndProject
Project("{9A19103F-16F7-4668-BE54-9A1E7A4F7556}") = "avaloniaNavigationBar.Desktop", "avaloniaNavigationBar.Desktop\avaloniaNavigationBar.Desktop.csproj", "{6DC9B3D4-0959-4617-95A0-48B77884E54C}"
EndProject
Global
	GlobalSection(SolutionConfigurationPlatforms) = preSolution
		Debug|Any CPU = Debug|Any CPU
		Release|Any CPU = Release|Any CPU
	EndGlobalSection
	GlobalSection(ProjectConfigurationPlatforms) = postSolution
		{8BFF211D-2802-4747-8C41-BFB2FFA5C257}.Debug|Any CPU.ActiveCfg = Debug|Any CPU
		{8BFF211D-2802-4747-8C41-BFB2FFA5C257}.Debug|Any CPU.Build.0 = Debug|Any CPU
		{8BFF211D-2802-4747-8C41-BFB2FFA5C257}.Release|Any CPU.ActiveCfg = Release|Any CPU
		{8BFF211D-2802-4747-8C41-BFB2FFA5C257}.Release|Any CPU.Build.0 = Release|Any CPU
		{6DC9B3D4-0959-4617-95A0-48B77884E54C}.Debug|Any CPU.ActiveCfg = Debug|Any CPU
		{6DC9B3D4-0959-4617-95A0-48B77884E54C}.Debug|Any CPU.Build.0 = Debug|Any CPU
		{6DC9B3D4-0959-4617-95A0-48B77884E54C}.Release|Any CPU.ActiveCfg = Release|Any CPU
		{6DC9B3D4-0959-4617-95A0-48B77884E54C}.Release|Any CPU.Build.0 = Release|Any CPU
	EndGlobalSection
	GlobalSection(SolutionProperties) = preSolution
		HideSolutionNode = FALSE
	EndGlobalSection
	GlobalSection(ExtensibilityGlobals) = postSolution
		SolutionGuid = {DECC9C63-19F4-45BD-BF4B-6B169B707CA3}
	EndGlobalSection
EndGlobal
