
Microsoft Visual Studio Solution File, Format Version 12.00
# Visual Studio Version 17
VisualStudioVersion = 17.6.33829.357
MinimumVisualStudioVersion = 10.0.40219.1
Project("{FAE04EC0-301F-11D3-BF4B-00C04F79EFBC}") = "cliUdpClientExample", "cliUdpClientExample\cliUdpClientExample.csproj", "{5B185094-524E-47D4-B6A1-D6E1B90EBD7F}"
EndProject
Project("{FAE04EC0-301F-11D3-BF4B-00C04F79EFBC}") = "cliUdpServer", "cliUdpServer\cliUdpServer.csproj", "{35E949E6-6E90-4246-8472-6E867336B486}"
EndProject
Global
	GlobalSection(SolutionConfigurationPlatforms) = preSolution
		Debug|Any CPU = Debug|Any CPU
		Release|Any CPU = Release|Any CPU
	EndGlobalSection
	GlobalSection(ProjectConfigurationPlatforms) = postSolution
		{5B185094-524E-47D4-B6A1-D6E1B90EBD7F}.Debug|Any CPU.ActiveCfg = Debug|Any CPU
		{5B185094-524E-47D4-B6A1-D6E1B90EBD7F}.Debug|Any CPU.Build.0 = Debug|Any CPU
		{5B185094-524E-47D4-B6A1-D6E1B90EBD7F}.Release|Any CPU.ActiveCfg = Release|Any CPU
		{5B185094-524E-47D4-B6A1-D6E1B90EBD7F}.Release|Any CPU.Build.0 = Release|Any CPU
		{35E949E6-6E90-4246-8472-6E867336B486}.Debug|Any CPU.ActiveCfg = Debug|Any CPU
		{35E949E6-6E90-4246-8472-6E867336B486}.Debug|Any CPU.Build.0 = Debug|Any CPU
		{35E949E6-6E90-4246-8472-6E867336B486}.Release|Any CPU.ActiveCfg = Release|Any CPU
		{35E949E6-6E90-4246-8472-6E867336B486}.Release|Any CPU.Build.0 = Release|Any CPU
	EndGlobalSection
	GlobalSection(SolutionProperties) = preSolution
		HideSolutionNode = FALSE
	EndGlobalSection
	GlobalSection(ExtensibilityGlobals) = postSolution
		SolutionGuid = {40D61FCC-F41F-4459-AEDD-1DCFA9B7DF29}
	EndGlobalSection
EndGlobal
