
Microsoft Visual Studio Solution File, Format Version 12.00
# Visual Studio Version 17
VisualStudioVersion = 17.10.35013.160
MinimumVisualStudioVersion = 10.0.40219.1
Project("{9A19103F-16F7-4668-BE54-9A1E7A4F7556}") = "RandomePoker", "RandomePoker.csproj", "{96A8E999-3C8B-4234-B9F9-8AE04F7F955A}"
EndProject
Global
	GlobalSection(SolutionConfigurationPlatforms) = preSolution
		Debug|Any CPU = Debug|Any CPU
		Release|Any CPU = Release|Any CPU
	EndGlobalSection
	GlobalSection(ProjectConfigurationPlatforms) = postSolution
		{96A8E999-3C8B-4234-B9F9-8AE04F7F955A}.Debug|Any CPU.ActiveCfg = Debug|Any CPU
		{96A8E999-3C8B-4234-B9F9-8AE04F7F955A}.Debug|Any CPU.Build.0 = Debug|Any CPU
		{96A8E999-3C8B-4234-B9F9-8AE04F7F955A}.Release|Any CPU.ActiveCfg = Release|Any CPU
		{96A8E999-3C8B-4234-B9F9-8AE04F7F955A}.Release|Any CPU.Build.0 = Release|Any CPU
	EndGlobalSection
	GlobalSection(SolutionProperties) = preSolution
		HideSolutionNode = FALSE
	EndGlobalSection
	GlobalSection(ExtensibilityGlobals) = postSolution
		SolutionGuid = {E3E7455F-4212-489A-A064-8029AD15EFE9}
	EndGlobalSection
EndGlobal
