
Microsoft Visual Studio Solution File, Format Version 12.00
# Visual Studio Version 17
VisualStudioVersion = 17.6.33829.357
MinimumVisualStudioVersion = 10.0.40219.1
Project("{9A19103F-16F7-4668-BE54-9A1E7A4F7556}") = "cliCalc", "cliCalc\cliCalc.csproj", "{8B172100-3788-4B5F-BD17-CDC77AF6FE0A}"
EndProject
Project("{FAE04EC0-301F-11D3-BF4B-00C04F79EFBC}") = "cliCalcCRC32File", "cliCalcCRC32File\cliCalcCRC32File.csproj", "{5DD10640-0157-4C05-873A-9CFC075BCB94}"
EndProject
Global
	GlobalSection(SolutionConfigurationPlatforms) = preSolution
		Debug|Any CPU = Debug|Any CPU
		Release|Any CPU = Release|Any CPU
	EndGlobalSection
	GlobalSection(ProjectConfigurationPlatforms) = postSolution
		{8B172100-3788-4B5F-BD17-CDC77AF6FE0A}.Debug|Any CPU.ActiveCfg = Debug|Any CPU
		{8B172100-3788-4B5F-BD17-CDC77AF6FE0A}.Debug|Any CPU.Build.0 = Debug|Any CPU
		{8B172100-3788-4B5F-BD17-CDC77AF6FE0A}.Release|Any CPU.ActiveCfg = Release|Any CPU
		{8B172100-3788-4B5F-BD17-CDC77AF6FE0A}.Release|Any CPU.Build.0 = Release|Any CPU
		{5DD10640-0157-4C05-873A-9CFC075BCB94}.Debug|Any CPU.ActiveCfg = Debug|Any CPU
		{5DD10640-0157-4C05-873A-9CFC075BCB94}.Debug|Any CPU.Build.0 = Debug|Any CPU
		{5DD10640-0157-4C05-873A-9CFC075BCB94}.Release|Any CPU.ActiveCfg = Release|Any CPU
		{5DD10640-0157-4C05-873A-9CFC075BCB94}.Release|Any CPU.Build.0 = Release|Any CPU
	EndGlobalSection
	GlobalSection(SolutionProperties) = preSolution
		HideSolutionNode = FALSE
	EndGlobalSection
	GlobalSection(ExtensibilityGlobals) = postSolution
		SolutionGuid = {AEEB7D8A-C538-4B29-982D-A90B2FFC069E}
	EndGlobalSection
EndGlobal
