
Microsoft Visual Studio Solution File, Format Version 12.00
# Visual Studio Version 17
VisualStudioVersion = 17.5.002.0
MinimumVisualStudioVersion = 10.0.40219.1
Project("{9A19103F-16F7-4668-BE54-9A1E7A4F7556}") = "SignalRChat", "SignalRChat.csproj", "{D1136CF6-2456-415B-9BF8-05997FB5AD50}"
EndProject
Project("{FAE04EC0-301F-11D3-BF4B-00C04F79EFBC}") = "wpfSignalRClient", "..\wpfSignalRClient\wpfSignalRClient.csproj", "{A4FB6043-054D-45C4-A4FB-82833B216143}"
EndProject
Global
	GlobalSection(SolutionConfigurationPlatforms) = preSolution
		Debug|Any CPU = Debug|Any CPU
		Release|Any CPU = Release|Any CPU
	EndGlobalSection
	GlobalSection(ProjectConfigurationPlatforms) = postSolution
		{D1136CF6-2456-415B-9BF8-05997FB5AD50}.Debug|Any CPU.ActiveCfg = Debug|Any CPU
		{D1136CF6-2456-415B-9BF8-05997FB5AD50}.Debug|Any CPU.Build.0 = Debug|Any CPU
		{D1136CF6-2456-415B-9BF8-05997FB5AD50}.Release|Any CPU.ActiveCfg = Release|Any CPU
		{D1136CF6-2456-415B-9BF8-05997FB5AD50}.Release|Any CPU.Build.0 = Release|Any CPU
		{A4FB6043-054D-45C4-A4FB-82833B216143}.Debug|Any CPU.ActiveCfg = Debug|Any CPU
		{A4FB6043-054D-45C4-A4FB-82833B216143}.Debug|Any CPU.Build.0 = Debug|Any CPU
		{A4FB6043-054D-45C4-A4FB-82833B216143}.Release|Any CPU.ActiveCfg = Release|Any CPU
		{A4FB6043-054D-45C4-A4FB-82833B216143}.Release|Any CPU.Build.0 = Release|Any CPU
	EndGlobalSection
	GlobalSection(SolutionProperties) = preSolution
		HideSolutionNode = FALSE
	EndGlobalSection
	GlobalSection(ExtensibilityGlobals) = postSolution
		SolutionGuid = {E0577F65-0ABE-498C-878E-63519524A99B}
	EndGlobalSection
EndGlobal
