
Microsoft Visual Studio Solution File, Format Version 12.00
# Visual Studio Version 17
VisualStudioVersion = 17.6.33829.357
MinimumVisualStudioVersion = 10.0.40219.1
Project("{9A19103F-16F7-4668-BE54-9A1E7A4F7556}") = "cliSortAlgorithm", "cliSortAlgorithm.csproj", "{F51B1AB1-D97E-41B3-A5F3-49B39FDC071A}"
EndProject
Project("{9A19103F-16F7-4668-BE54-9A1E7A4F7556}") = "QuickSort", "..\SortAlgorithm\QuickSort\QuickSort.csproj", "{9EF5A659-0282-4311-A74E-0322C56567D0}"
EndProject
Global
	GlobalSection(SolutionConfigurationPlatforms) = preSolution
		Debug|Any CPU = Debug|Any CPU
		Release|Any CPU = Release|Any CPU
	EndGlobalSection
	GlobalSection(ProjectConfigurationPlatforms) = postSolution
		{F51B1AB1-D97E-41B3-A5F3-49B39FDC071A}.Debug|Any CPU.ActiveCfg = Debug|Any CPU
		{F51B1AB1-D97E-41B3-A5F3-49B39FDC071A}.Debug|Any CPU.Build.0 = Debug|Any CPU
		{F51B1AB1-D97E-41B3-A5F3-49B39FDC071A}.Release|Any CPU.ActiveCfg = Release|Any CPU
		{F51B1AB1-D97E-41B3-A5F3-49B39FDC071A}.Release|Any CPU.Build.0 = Release|Any CPU
		{9EF5A659-0282-4311-A74E-0322C56567D0}.Debug|Any CPU.ActiveCfg = Debug|Any CPU
		{9EF5A659-0282-4311-A74E-0322C56567D0}.Debug|Any CPU.Build.0 = Debug|Any CPU
		{9EF5A659-0282-4311-A74E-0322C56567D0}.Release|Any CPU.ActiveCfg = Release|Any CPU
		{9EF5A659-0282-4311-A74E-0322C56567D0}.Release|Any CPU.Build.0 = Release|Any CPU
	EndGlobalSection
	GlobalSection(SolutionProperties) = preSolution
		HideSolutionNode = FALSE
	EndGlobalSection
	GlobalSection(ExtensibilityGlobals) = postSolution
		SolutionGuid = {9AB5A898-A71D-401D-8963-85B897A6153B}
	EndGlobalSection
EndGlobal
