
Microsoft Visual Studio Solution File, Format Version 12.00
# Visual Studio Version 17
VisualStudioVersion = 17.6.33829.357
MinimumVisualStudioVersion = 10.0.40219.1
Project("{9A19103F-16F7-4668-BE54-9A1E7A4F7556}") = "cliConverterValueBytesToBit", "cliConverterValueBytesToBit.csproj", "{79BB57C3-709D-48CD-B25D-80BB65DA70A1}"
EndProject
Project("{9A19103F-16F7-4668-BE54-9A1E7A4F7556}") = "cliompensatioinOfNegative2", "..\cliompensatioinOfNegative2\cliompensatioinOfNegative2.csproj", "{0B5ED2CA-089B-4574-AF4B-8BE0AD6D560F}"
EndProject
Project("{9A19103F-16F7-4668-BE54-9A1E7A4F7556}") = "Complement2Test", "..\Complement2Test\Complement2Test.csproj", "{74723BBA-F371-41F8-984E-A5329B091BF0}"
EndProject
Project("{9A19103F-16F7-4668-BE54-9A1E7A4F7556}") = "WpfTwoComplement", "..\WpfTwoComplement\WpfTwoComplement.csproj", "{E00F61D4-2776-4851-9D28-AAAF962FC412}"
EndProject
Project("{FAE04EC0-301F-11D3-BF4B-00C04F79EFBC}") = "WpfTwoComplementNetFrameWork4.5", "..\WpfTwoComplementNetFrameWork4.5\WpfTwoComplementNetFrameWork4.5.csproj", "{2BF39BFD-DBCA-477B-90CE-F49710AEC53B}"
EndProject
Global
	GlobalSection(SolutionConfigurationPlatforms) = preSolution
		Debug|Any CPU = Debug|Any CPU
		Release|Any CPU = Release|Any CPU
	EndGlobalSection
	GlobalSection(ProjectConfigurationPlatforms) = postSolution
		{79BB57C3-709D-48CD-B25D-80BB65DA70A1}.Debug|Any CPU.ActiveCfg = Debug|Any CPU
		{79BB57C3-709D-48CD-B25D-80BB65DA70A1}.Debug|Any CPU.Build.0 = Debug|Any CPU
		{79BB57C3-709D-48CD-B25D-80BB65DA70A1}.Release|Any CPU.ActiveCfg = Release|Any CPU
		{79BB57C3-709D-48CD-B25D-80BB65DA70A1}.Release|Any CPU.Build.0 = Release|Any CPU
		{0B5ED2CA-089B-4574-AF4B-8BE0AD6D560F}.Debug|Any CPU.ActiveCfg = Debug|Any CPU
		{0B5ED2CA-089B-4574-AF4B-8BE0AD6D560F}.Debug|Any CPU.Build.0 = Debug|Any CPU
		{0B5ED2CA-089B-4574-AF4B-8BE0AD6D560F}.Release|Any CPU.ActiveCfg = Release|Any CPU
		{0B5ED2CA-089B-4574-AF4B-8BE0AD6D560F}.Release|Any CPU.Build.0 = Release|Any CPU
		{74723BBA-F371-41F8-984E-A5329B091BF0}.Debug|Any CPU.ActiveCfg = Debug|Any CPU
		{74723BBA-F371-41F8-984E-A5329B091BF0}.Debug|Any CPU.Build.0 = Debug|Any CPU
		{74723BBA-F371-41F8-984E-A5329B091BF0}.Release|Any CPU.ActiveCfg = Release|Any CPU
		{74723BBA-F371-41F8-984E-A5329B091BF0}.Release|Any CPU.Build.0 = Release|Any CPU
		{E00F61D4-2776-4851-9D28-AAAF962FC412}.Debug|Any CPU.ActiveCfg = Debug|Any CPU
		{E00F61D4-2776-4851-9D28-AAAF962FC412}.Debug|Any CPU.Build.0 = Debug|Any CPU
		{E00F61D4-2776-4851-9D28-AAAF962FC412}.Release|Any CPU.ActiveCfg = Release|Any CPU
		{E00F61D4-2776-4851-9D28-AAAF962FC412}.Release|Any CPU.Build.0 = Release|Any CPU
		{2BF39BFD-DBCA-477B-90CE-F49710AEC53B}.Debug|Any CPU.ActiveCfg = Debug|Any CPU
		{2BF39BFD-DBCA-477B-90CE-F49710AEC53B}.Debug|Any CPU.Build.0 = Debug|Any CPU
		{2BF39BFD-DBCA-477B-90CE-F49710AEC53B}.Release|Any CPU.ActiveCfg = Release|Any CPU
		{2BF39BFD-DBCA-477B-90CE-F49710AEC53B}.Release|Any CPU.Build.0 = Release|Any CPU
	EndGlobalSection
	GlobalSection(SolutionProperties) = preSolution
		HideSolutionNode = FALSE
	EndGlobalSection
	GlobalSection(ExtensibilityGlobals) = postSolution
		SolutionGuid = {92EF0788-8E09-4D76-B1CE-26275113308C}
	EndGlobalSection
EndGlobal
