
Microsoft Visual Studio Solution File, Format Version 12.00
# Visual Studio Version 17
VisualStudioVersion = 17.6.33829.357
MinimumVisualStudioVersion = 10.0.40219.1
Project("{FAE04EC0-301F-11D3-BF4B-00C04F79EFBC}") = "cliKeyBoardMouseHook", "cliKeyBoardMouseHook\cliKeyBoardMouseHook.csproj", "{C2ABAAE1-1A9F-498D-A25F-B1A5F4E9D77A}"
EndProject
Project("{FAE04EC0-301F-11D3-BF4B-00C04F79EFBC}") = "KeyBoardMouseHook", "KeyBoardMouseHook\KeyBoardMouseHook.csproj", "{C7C7F7A4-148B-4279-BDF0-696C9EE88B06}"
EndProject
Global
	GlobalSection(SolutionConfigurationPlatforms) = preSolution
		Debug|Any CPU = Debug|Any CPU
		Release|Any CPU = Release|Any CPU
	EndGlobalSection
	GlobalSection(ProjectConfigurationPlatforms) = postSolution
		{C2ABAAE1-1A9F-498D-A25F-B1A5F4E9D77A}.Debug|Any CPU.ActiveCfg = Debug|Any CPU
		{C2ABAAE1-1A9F-498D-A25F-B1A5F4E9D77A}.Debug|Any CPU.Build.0 = Debug|Any CPU
		{C2ABAAE1-1A9F-498D-A25F-B1A5F4E9D77A}.Release|Any CPU.ActiveCfg = Release|Any CPU
		{C2ABAAE1-1A9F-498D-A25F-B1A5F4E9D77A}.Release|Any CPU.Build.0 = Release|Any CPU
		{C7C7F7A4-148B-4279-BDF0-696C9EE88B06}.Debug|Any CPU.ActiveCfg = Debug|Any CPU
		{C7C7F7A4-148B-4279-BDF0-696C9EE88B06}.Debug|Any CPU.Build.0 = Debug|Any CPU
		{C7C7F7A4-148B-4279-BDF0-696C9EE88B06}.Release|Any CPU.ActiveCfg = Release|Any CPU
		{C7C7F7A4-148B-4279-BDF0-696C9EE88B06}.Release|Any CPU.Build.0 = Release|Any CPU
	EndGlobalSection
	GlobalSection(SolutionProperties) = preSolution
		HideSolutionNode = FALSE
	EndGlobalSection
	GlobalSection(ExtensibilityGlobals) = postSolution
		SolutionGuid = {4DA216EB-D84B-4D47-9763-F646CA5C4792}
	EndGlobalSection
EndGlobal
