
Microsoft Visual Studio Solution File, Format Version 12.00
# Visual Studio Version 17
VisualStudioVersion = 17.0.31903.59
MinimumVisualStudioVersion = 10.0.40219.1
Project("{9A19103F-16F7-4668-BE54-9A1E7A4F7556}") = "00.Todo.AppHost", "Todo.AppHost\00.Todo.AppHost.csproj", "{8C353ECA-9263-4FA5-8190-64624C65430D}"
EndProject
Project("{9A19103F-16F7-4668-BE54-9A1E7A4F7556}") = "Todo.API", "Todo.API\Todo.API.csproj", "{239C1238-A217-4790-B6B6-50E69BC62DED}"
EndProject
Project("{9A19103F-16F7-4668-BE54-9A1E7A4F7556}") = "Todo.ServiceDefaults", "ServiceDefaults\Todo.ServiceDefaults.csproj", "{C8C4EAD9-AFB7-4BFC-BDEC-C59714D5E615}"
EndProject
Project("{FAE04EC0-301F-11D3-BF4B-00C04F79EFBC}") = "Todo.Identity", "Todo.Identity\Todo.Identity.csproj", "{296C75EB-922C-4761-8FEF-9E5E1D914A2D}"
EndProject
Global
	GlobalSection(SolutionConfigurationPlatforms) = preSolution
		Debug|Any CPU = Debug|Any CPU
		Release|Any CPU = Release|Any CPU
	EndGlobalSection
	GlobalSection(ProjectConfigurationPlatforms) = postSolution
		{8C353ECA-9263-4FA5-8190-64624C65430D}.Debug|Any CPU.ActiveCfg = Debug|Any CPU
		{8C353ECA-9263-4FA5-8190-64624C65430D}.Debug|Any CPU.Build.0 = Debug|Any CPU
		{8C353ECA-9263-4FA5-8190-64624C65430D}.Release|Any CPU.ActiveCfg = Release|Any CPU
		{8C353ECA-9263-4FA5-8190-64624C65430D}.Release|Any CPU.Build.0 = Release|Any CPU
		{239C1238-A217-4790-B6B6-50E69BC62DED}.Debug|Any CPU.ActiveCfg = Debug|Any CPU
		{239C1238-A217-4790-B6B6-50E69BC62DED}.Debug|Any CPU.Build.0 = Debug|Any CPU
		{239C1238-A217-4790-B6B6-50E69BC62DED}.Release|Any CPU.ActiveCfg = Release|Any CPU
		{239C1238-A217-4790-B6B6-50E69BC62DED}.Release|Any CPU.Build.0 = Release|Any CPU
		{C8C4EAD9-AFB7-4BFC-BDEC-C59714D5E615}.Debug|Any CPU.ActiveCfg = Debug|Any CPU
		{C8C4EAD9-AFB7-4BFC-BDEC-C59714D5E615}.Debug|Any CPU.Build.0 = Debug|Any CPU
		{C8C4EAD9-AFB7-4BFC-BDEC-C59714D5E615}.Release|Any CPU.ActiveCfg = Release|Any CPU
		{C8C4EAD9-AFB7-4BFC-BDEC-C59714D5E615}.Release|Any CPU.Build.0 = Release|Any CPU
		{296C75EB-922C-4761-8FEF-9E5E1D914A2D}.Debug|Any CPU.ActiveCfg = Debug|Any CPU
		{296C75EB-922C-4761-8FEF-9E5E1D914A2D}.Debug|Any CPU.Build.0 = Debug|Any CPU
		{296C75EB-922C-4761-8FEF-9E5E1D914A2D}.Release|Any CPU.ActiveCfg = Release|Any CPU
		{296C75EB-922C-4761-8FEF-9E5E1D914A2D}.Release|Any CPU.Build.0 = Release|Any CPU
	EndGlobalSection
	GlobalSection(SolutionProperties) = preSolution
		HideSolutionNode = FALSE
	EndGlobalSection
	GlobalSection(ExtensibilityGlobals) = postSolution
		SolutionGuid = {BF7514E3-E2A4-4FAA-95F2-6B3D4C539CE2}
	EndGlobalSection
EndGlobal
