
Microsoft Visual Studio Solution File, Format Version 12.00
# Visual Studio Version 17
VisualStudioVersion = 17.8.34322.80
MinimumVisualStudioVersion = 10.0.40219.1
Project("{9A19103F-16F7-4668-BE54-9A1E7A4F7556}") = "cliLockFree", "cliLockFree.csproj", "{530312C4-EED4-4738-8144-A4548D640170}"
EndProject
Global
	GlobalSection(SolutionConfigurationPlatforms) = preSolution
		Debug|Any CPU = Debug|Any CPU
		Release|Any CPU = Release|Any CPU
	EndGlobalSection
	GlobalSection(ProjectConfigurationPlatforms) = postSolution
		{530312C4-EED4-4738-8144-A4548D640170}.Debug|Any CPU.ActiveCfg = Debug|Any CPU
		{530312C4-EED4-4738-8144-A4548D640170}.Debug|Any CPU.Build.0 = Debug|Any CPU
		{530312C4-EED4-4738-8144-A4548D640170}.Release|Any CPU.ActiveCfg = Release|Any CPU
		{530312C4-EED4-4738-8144-A4548D640170}.Release|Any CPU.Build.0 = Release|Any CPU
	EndGlobalSection
	GlobalSection(SolutionProperties) = preSolution
		HideSolutionNode = FALSE
	EndGlobalSection
	GlobalSection(ExtensibilityGlobals) = postSolution
		SolutionGuid = {7131E6D8-954C-4AB5-BF3D-75DF7FDE311E}
	EndGlobalSection
EndGlobal
