Microsoft Visual Studio Solution File, Format Version 12.00
# Visual Studio Version 17
VisualStudioVersion = 17.5.2.0
MinimumVisualStudioVersion = 10.0.40219.1
Project("{2150E333-8FDC-42A3-9474-1A3956D46DE8}") = "src", "src", "{827E0CD3-B72D-47B6-A68D-7590B98EB39B}"
EndProject
Project("{2150E333-8FDC-42A3-9474-1A3956D46DE8}") = "tests", "tests", "{0AB3BF05-4346-4AA6-1389-037BE0695223}"
EndProject
Project("{2150E333-8FDC-42A3-9474-1A3956D46DE8}") = "dotnet", "dotnet", "{204ECC8A-4C8C-06A8-7EEC-D568B118FA74}"
EndProject
Project("{2150E333-8FDC-42A3-9474-1A3956D46DE8}") = "native", "native", "{E8BB53B6-B289-4A75-9E7A-39A6E22C9A3A}"
EndProject
Project("{FAE04EC0-301F-11D3-BF4B-00C04F79EFBC}") = "MilStd1553.Host", "src\dotnet\MilStd1553.Host\MilStd1553.Host.csproj", "{960FF422-C85C-0CEE-BBFE-0E2DA544BF8E}"
EndProject
Project("{FAE04EC0-301F-11D3-BF4B-00C04F79EFBC}") = "MilStd1553.Interop", "src\dotnet\MilStd1553.Interop\MilStd1553.Interop.csproj", "{E354B187-EB29-BBDF-7910-0B239733D48B}"
EndProject
Project("{2150E333-8FDC-42A3-9474-1A3956D46DE8}") = "dotnet", "dotnet", "{35C501C9-8590-3B46-F622-E1ABED50CEA9}"
EndProject
Project("{2150E333-8FDC-42A3-9474-1A3956D46DE8}") = "native", "native", "{9FE64E09-C315-4C67-B221-3AD1245307A8}"
EndProject
Project("{FAE04EC0-301F-11D3-BF4B-00C04F79EFBC}") = "MilStd1553.Host.Tests", "tests\dotnet\MilStd1553.Host.Tests\MilStd1553.Host.Tests.csproj", "{71B3BC08-AD0F-1AE8-1829-E681AB5854A2}"
EndProject
Project("{8BC9CEB8-8B4A-11D0-8D11-00A0C91BC942}") = "MilStd1553.Native", "src\native\MilStd1553.Native.vcxproj", "{F30F82A5-0E6A-46E2-9C20-04DBE474609A}"
EndProject
Project("{8BC9CEB8-8B4A-11D0-8D11-00A0C91BC942}") = "MilStd1553.Native.Tests", "tests\native\MilStd1553.Native.Tests.vcxproj", "{A88D5665-734F-4C71-A030-96E37BEFA3B7}"
EndProject
Global
	GlobalSection(SolutionConfigurationPlatforms) = preSolution
		Debug|Any CPU = Debug|Any CPU
		Debug|x64 = Debug|x64
		Release|Any CPU = Release|Any CPU
		Release|x64 = Release|x64
	EndGlobalSection
	GlobalSection(ProjectConfigurationPlatforms) = postSolution
		{960FF422-C85C-0CEE-BBFE-0E2DA544BF8E}.Debug|Any CPU.ActiveCfg = Debug|Any CPU
		{960FF422-C85C-0CEE-BBFE-0E2DA544BF8E}.Debug|Any CPU.Build.0 = Debug|Any CPU
		{960FF422-C85C-0CEE-BBFE-0E2DA544BF8E}.Debug|x64.ActiveCfg = Debug|Any CPU
		{960FF422-C85C-0CEE-BBFE-0E2DA544BF8E}.Debug|x64.Build.0 = Debug|Any CPU
		{960FF422-C85C-0CEE-BBFE-0E2DA544BF8E}.Release|Any CPU.ActiveCfg = Release|Any CPU
		{960FF422-C85C-0CEE-BBFE-0E2DA544BF8E}.Release|Any CPU.Build.0 = Release|Any CPU
		{960FF422-C85C-0CEE-BBFE-0E2DA544BF8E}.Release|x64.ActiveCfg = Release|Any CPU
		{960FF422-C85C-0CEE-BBFE-0E2DA544BF8E}.Release|x64.Build.0 = Release|Any CPU
		{E354B187-EB29-BBDF-7910-0B239733D48B}.Debug|Any CPU.ActiveCfg = Debug|Any CPU
		{E354B187-EB29-BBDF-7910-0B239733D48B}.Debug|Any CPU.Build.0 = Debug|Any CPU
		{E354B187-EB29-BBDF-7910-0B239733D48B}.Debug|x64.ActiveCfg = Debug|Any CPU
		{E354B187-EB29-BBDF-7910-0B239733D48B}.Debug|x64.Build.0 = Debug|Any CPU
		{E354B187-EB29-BBDF-7910-0B239733D48B}.Release|Any CPU.ActiveCfg = Release|Any CPU
		{E354B187-EB29-BBDF-7910-0B239733D48B}.Release|Any CPU.Build.0 = Release|Any CPU
		{E354B187-EB29-BBDF-7910-0B239733D48B}.Release|x64.ActiveCfg = Release|Any CPU
		{E354B187-EB29-BBDF-7910-0B239733D48B}.Release|x64.Build.0 = Release|Any CPU
		{71B3BC08-AD0F-1AE8-1829-E681AB5854A2}.Debug|Any CPU.ActiveCfg = Debug|Any CPU
		{71B3BC08-AD0F-1AE8-1829-E681AB5854A2}.Debug|Any CPU.Build.0 = Debug|Any CPU
		{71B3BC08-AD0F-1AE8-1829-E681AB5854A2}.Debug|x64.ActiveCfg = Debug|Any CPU
		{71B3BC08-AD0F-1AE8-1829-E681AB5854A2}.Debug|x64.Build.0 = Debug|Any CPU
		{71B3BC08-AD0F-1AE8-1829-E681AB5854A2}.Release|Any CPU.ActiveCfg = Release|Any CPU
		{71B3BC08-AD0F-1AE8-1829-E681AB5854A2}.Release|Any CPU.Build.0 = Release|Any CPU
		{71B3BC08-AD0F-1AE8-1829-E681AB5854A2}.Release|x64.ActiveCfg = Release|Any CPU
		{71B3BC08-AD0F-1AE8-1829-E681AB5854A2}.Release|x64.Build.0 = Release|Any CPU
		{F30F82A5-0E6A-46E2-9C20-04DBE474609A}.Debug|Any CPU.ActiveCfg = Debug|x64
		{F30F82A5-0E6A-46E2-9C20-04DBE474609A}.Debug|Any CPU.Build.0 = Debug|x64
		{F30F82A5-0E6A-46E2-9C20-04DBE474609A}.Debug|x64.ActiveCfg = Debug|x64
		{F30F82A5-0E6A-46E2-9C20-04DBE474609A}.Debug|x64.Build.0 = Debug|x64
		{F30F82A5-0E6A-46E2-9C20-04DBE474609A}.Release|Any CPU.ActiveCfg = Release|x64
		{F30F82A5-0E6A-46E2-9C20-04DBE474609A}.Release|Any CPU.Build.0 = Release|x64
		{F30F82A5-0E6A-46E2-9C20-04DBE474609A}.Release|x64.ActiveCfg = Release|x64
		{F30F82A5-0E6A-46E2-9C20-04DBE474609A}.Release|x64.Build.0 = Release|x64
		{A88D5665-734F-4C71-A030-96E37BEFA3B7}.Debug|Any CPU.ActiveCfg = Debug|x64
		{A88D5665-734F-4C71-A030-96E37BEFA3B7}.Debug|Any CPU.Build.0 = Debug|x64
		{A88D5665-734F-4C71-A030-96E37BEFA3B7}.Debug|x64.ActiveCfg = Debug|x64
		{A88D5665-734F-4C71-A030-96E37BEFA3B7}.Debug|x64.Build.0 = Debug|x64
		{A88D5665-734F-4C71-A030-96E37BEFA3B7}.Release|Any CPU.ActiveCfg = Release|x64
		{A88D5665-734F-4C71-A030-96E37BEFA3B7}.Release|Any CPU.Build.0 = Release|x64
		{A88D5665-734F-4C71-A030-96E37BEFA3B7}.Release|x64.ActiveCfg = Release|x64
		{A88D5665-734F-4C71-A030-96E37BEFA3B7}.Release|x64.Build.0 = Release|x64
	EndGlobalSection
	GlobalSection(SolutionProperties) = preSolution
		HideSolutionNode = FALSE
	EndGlobalSection
	GlobalSection(NestedProjects) = preSolution
		{204ECC8A-4C8C-06A8-7EEC-D568B118FA74} = {827E0CD3-B72D-47B6-A68D-7590B98EB39B}
		{E8BB53B6-B289-4A75-9E7A-39A6E22C9A3A} = {827E0CD3-B72D-47B6-A68D-7590B98EB39B}
		{960FF422-C85C-0CEE-BBFE-0E2DA544BF8E} = {204ECC8A-4C8C-06A8-7EEC-D568B118FA74}
		{E354B187-EB29-BBDF-7910-0B239733D48B} = {204ECC8A-4C8C-06A8-7EEC-D568B118FA74}
		{35C501C9-8590-3B46-F622-E1ABED50CEA9} = {0AB3BF05-4346-4AA6-1389-037BE0695223}
		{9FE64E09-C315-4C67-B221-3AD1245307A8} = {0AB3BF05-4346-4AA6-1389-037BE0695223}
		{71B3BC08-AD0F-1AE8-1829-E681AB5854A2} = {35C501C9-8590-3B46-F622-E1ABED50CEA9}
		{F30F82A5-0E6A-46E2-9C20-04DBE474609A} = {E8BB53B6-B289-4A75-9E7A-39A6E22C9A3A}
		{A88D5665-734F-4C71-A030-96E37BEFA3B7} = {9FE64E09-C315-4C67-B221-3AD1245307A8}
	EndGlobalSection
	GlobalSection(ExtensibilityGlobals) = postSolution
		SolutionGuid = {37A72C68-B12F-4E33-B80C-C409F00FE2C4}
	EndGlobalSection
EndGlobal
