
Microsoft Visual Studio Solution File, Format Version 12.00
# Visual Studio Version 17
VisualStudioVersion = 17.6.33829.357
MinimumVisualStudioVersion = 10.0.40219.1
Project("{9A19103F-16F7-4668-BE54-9A1E7A4F7556}") = "WindowService", "WindowService.csproj", "{CF424DDD-E79F-4F74-B8DD-3CBB088F827E}"
EndProject
Project("{FAE04EC0-301F-11D3-BF4B-00C04F79EFBC}") = "RedisSubscriberService", "..\RedisSubscriberService\RedisSubscriberService.csproj", "{9B74B804-8D6D-4273-839E-B0CF31513CCF}"
EndProject
Global
	GlobalSection(SolutionConfigurationPlatforms) = preSolution
		Debug|Any CPU = Debug|Any CPU
		Release|Any CPU = Release|Any CPU
	EndGlobalSection
	GlobalSection(ProjectConfigurationPlatforms) = postSolution
		{CF424DDD-E79F-4F74-B8DD-3CBB088F827E}.Debug|Any CPU.ActiveCfg = Debug|Any CPU
		{CF424DDD-E79F-4F74-B8DD-3CBB088F827E}.Debug|Any CPU.Build.0 = Debug|Any CPU
		{CF424DDD-E79F-4F74-B8DD-3CBB088F827E}.Release|Any CPU.ActiveCfg = Release|Any CPU
		{CF424DDD-E79F-4F74-B8DD-3CBB088F827E}.Release|Any CPU.Build.0 = Release|Any CPU
		{9B74B804-8D6D-4273-839E-B0CF31513CCF}.Debug|Any CPU.ActiveCfg = Debug|Any CPU
		{9B74B804-8D6D-4273-839E-B0CF31513CCF}.Debug|Any CPU.Build.0 = Debug|Any CPU
		{9B74B804-8D6D-4273-839E-B0CF31513CCF}.Release|Any CPU.ActiveCfg = Release|Any CPU
		{9B74B804-8D6D-4273-839E-B0CF31513CCF}.Release|Any CPU.Build.0 = Release|Any CPU
	EndGlobalSection
	GlobalSection(SolutionProperties) = preSolution
		HideSolutionNode = FALSE
	EndGlobalSection
	GlobalSection(ExtensibilityGlobals) = postSolution
		SolutionGuid = {ABEC800F-E3D9-416B-BDCD-96EC0468E109}
	EndGlobalSection
EndGlobal
