
Microsoft Visual Studio Solution File, Format Version 12.00
# Visual Studio Version 17
VisualStudioVersion = 17.6.33829.357
MinimumVisualStudioVersion = 10.0.40219.1
Project("{FAE04EC0-301F-11D3-BF4B-00C04F79EFBC}") = "wpf.Ui.DataGrid", "wpf.Ui.DataGrid\wpf.Ui.DataGrid.csproj", "{44FD6DA2-1A88-4656-87EF-0AD3E0252828}"
EndProject
Global
	GlobalSection(SolutionConfigurationPlatforms) = preSolution
		Debug|Any CPU = Debug|Any CPU
		Release|Any CPU = Release|Any CPU
	EndGlobalSection
	GlobalSection(ProjectConfigurationPlatforms) = postSolution
		{44FD6DA2-1A88-4656-87EF-0AD3E0252828}.Debug|Any CPU.ActiveCfg = Debug|Any CPU
		{44FD6DA2-1A88-4656-87EF-0AD3E0252828}.Debug|Any CPU.Build.0 = Debug|Any CPU
		{44FD6DA2-1A88-4656-87EF-0AD3E0252828}.Release|Any CPU.ActiveCfg = Release|Any CPU
		{44FD6DA2-1A88-4656-87EF-0AD3E0252828}.Release|Any CPU.Build.0 = Release|Any CPU
	EndGlobalSection
	GlobalSection(SolutionProperties) = preSolution
		HideSolutionNode = FALSE
	EndGlobalSection
	GlobalSection(ExtensibilityGlobals) = postSolution
		SolutionGuid = {C74C43A6-DE16-47D0-94DE-129322BAC5E8}
	EndGlobalSection
EndGlobal
