
Microsoft Visual Studio Solution File, Format Version 12.00
# Visual Studio Version 17
VisualStudioVersion = 17.6.33829.357
MinimumVisualStudioVersion = 10.0.40219.1
Project("{9A19103F-16F7-4668-BE54-9A1E7A4F7556}") = "cliCancellationToken", "cliCancellationToken.csproj", "{BF4DEE91-6B49-42CA-BE12-F1B46BD27A1A}"
EndProject
Global
	GlobalSection(SolutionConfigurationPlatforms) = preSolution
		Debug|Any CPU = Debug|Any CPU
		Release|Any CPU = Release|Any CPU
	EndGlobalSection
	GlobalSection(ProjectConfigurationPlatforms) = postSolution
		{BF4DEE91-6B49-42CA-BE12-F1B46BD27A1A}.Debug|Any CPU.ActiveCfg = Debug|Any CPU
		{BF4DEE91-6B49-42CA-BE12-F1B46BD27A1A}.Debug|Any CPU.Build.0 = Debug|Any CPU
		{BF4DEE91-6B49-42CA-BE12-F1B46BD27A1A}.Release|Any CPU.ActiveCfg = Release|Any CPU
		{BF4DEE91-6B49-42CA-BE12-F1B46BD27A1A}.Release|Any CPU.Build.0 = Release|Any CPU
	EndGlobalSection
	GlobalSection(SolutionProperties) = preSolution
		HideSolutionNode = FALSE
	EndGlobalSection
	GlobalSection(ExtensibilityGlobals) = postSolution
		SolutionGuid = {A5C9A432-8A00-4EE3-8A4B-E7433CB435D2}
	EndGlobalSection
EndGlobal
