
Microsoft Visual Studio Solution File, Format Version 12.00
# Visual Studio Version 17
VisualStudioVersion = 17.10.34916.146
MinimumVisualStudioVersion = 10.0.40219.1
Project("{9A19103F-16F7-4668-BE54-9A1E7A4F7556}") = "cliCSharpParsing", "cliCSharpParsing.csproj", "{DE1E6C6B-D903-4F28-BBAE-4FE5C753F197}"
EndProject
Project("{FAE04EC0-301F-11D3-BF4B-00C04F79EFBC}") = "cliCSharpHwpCtrl", "..\cliCSharpHwpCtrl\cliCSharpHwpCtrl.csproj", "{DB6080D8-12BA-495B-B5F2-46B2A3DB68A7}"
EndProject
Global
	GlobalSection(SolutionConfigurationPlatforms) = preSolution
		Debug|Any CPU = Debug|Any CPU
		Debug|x86 = Debug|x86
		Release|Any CPU = Release|Any CPU
		Release|x86 = Release|x86
	EndGlobalSection
	GlobalSection(ProjectConfigurationPlatforms) = postSolution
		{DE1E6C6B-D903-4F28-BBAE-4FE5C753F197}.Debug|Any CPU.ActiveCfg = Debug|x86
		{DE1E6C6B-D903-4F28-BBAE-4FE5C753F197}.Debug|Any CPU.Build.0 = Debug|x86
		{DE1E6C6B-D903-4F28-BBAE-4FE5C753F197}.Debug|x86.ActiveCfg = Debug|x86
		{DE1E6C6B-D903-4F28-BBAE-4FE5C753F197}.Debug|x86.Build.0 = Debug|x86
		{DE1E6C6B-D903-4F28-BBAE-4FE5C753F197}.Release|Any CPU.ActiveCfg = Release|Any CPU
		{DE1E6C6B-D903-4F28-BBAE-4FE5C753F197}.Release|Any CPU.Build.0 = Release|Any CPU
		{DE1E6C6B-D903-4F28-BBAE-4FE5C753F197}.Release|x86.ActiveCfg = Release|x86
		{DE1E6C6B-D903-4F28-BBAE-4FE5C753F197}.Release|x86.Build.0 = Release|x86
		{DB6080D8-12BA-495B-B5F2-46B2A3DB68A7}.Debug|Any CPU.ActiveCfg = Debug|Any CPU
		{DB6080D8-12BA-495B-B5F2-46B2A3DB68A7}.Debug|Any CPU.Build.0 = Debug|Any CPU
		{DB6080D8-12BA-495B-B5F2-46B2A3DB68A7}.Debug|x86.ActiveCfg = Debug|Any CPU
		{DB6080D8-12BA-495B-B5F2-46B2A3DB68A7}.Debug|x86.Build.0 = Debug|Any CPU
		{DB6080D8-12BA-495B-B5F2-46B2A3DB68A7}.Release|Any CPU.ActiveCfg = Release|Any CPU
		{DB6080D8-12BA-495B-B5F2-46B2A3DB68A7}.Release|Any CPU.Build.0 = Release|Any CPU
		{DB6080D8-12BA-495B-B5F2-46B2A3DB68A7}.Release|x86.ActiveCfg = Release|Any CPU
		{DB6080D8-12BA-495B-B5F2-46B2A3DB68A7}.Release|x86.Build.0 = Release|Any CPU
	EndGlobalSection
	GlobalSection(SolutionProperties) = preSolution
		HideSolutionNode = FALSE
	EndGlobalSection
	GlobalSection(ExtensibilityGlobals) = postSolution
		SolutionGuid = {AB12110D-D8C6-44DE-B2CE-56FDF47DF38A}
	EndGlobalSection
EndGlobal
